// !$*UTF8*$!
{
	archiveVersion = 1;
	classes = {
	};
	objectVersion = 48;
	objects = {

/* Begin PBXBuildFile section */
		04BC728F2065176100A89C33 /* AppDelegate.swift in Sources */ = {isa = PBXBuildFile; fileRef = 04BC728E2065176100A89C33 /* AppDelegate.swift */; };
		04BC72912065176100A89C33 /* ViewController.swift in Sources */ = {isa = PBXBuildFile; fileRef = 04BC72902065176100A89C33 /* ViewController.swift */; };
		04BC72942065176100A89C33 /* Main.storyboard in Resources */ = {isa = PBXBuildFile; fileRef = 04BC72922065176100A89C33 /* Main.storyboard */; };
		04BC72972065176100A89C33 /* iOSTestTasck.xcdatamodeld in Sources */ = {isa = PBXBuildFile; fileRef = 04BC72952065176100A89C33 /* iOSTestTasck.xcdatamodeld */; };
		04BC72992065176100A89C33 /* Assets.xcassets in Resources */ = {isa = PBXBuildFile; fileRef = 04BC72982065176100A89C33 /* Assets.xcassets */; };
		04BC729C2065176100A89C33 /* LaunchScreen.storyboard in Resources */ = {isa = PBXBuildFile; fileRef = 04BC729A2065176100A89C33 /* LaunchScreen.storyboard */; };
/* End PBXBuildFile section */

/* Begin PBXFileReference section */
		04BC728B2065176100A89C33 /* iOSTestTasck.app */ = {isa = PBXFileReference; explicitFileType = wrapper.application; includeInIndex = 0; path = iOSTestTasck.app; sourceTree = BUILT_PRODUCTS_DIR; };
		04BC728E2065176100A89C33 /* AppDelegate.swift */ = {isa = PBXFileReference; lastKnownFileType = sourcecode.swift; path = AppDelegate.swift; sourceTree = "<group>"; };
		04BC72902065176100A89C33 /* ViewController.swift */ = {isa = PBXFileReference; lastKnownFileType = sourcecode.swift; path = ViewController.swift; sourceTree = "<group>"; };
		04BC72932065176100A89C33 /* Base */ = {isa = PBXFileReference; lastKnownFileType = file.storyboard; name = Base; path = Base.lproj/Main.storyboard; sourceTree = "<group>"; };
		04BC72962065176100A89C33 /* iOSTestTasck.xcdatamodel */ = {isa = PBXFileReference; lastKnownFileType = wrapper.xcdatamodel; path = iOSTestTasck.xcdatamodel; sourceTree = "<group>"; };
		04BC72982065176100A89C33 /* Assets.xcassets */ = {isa = PBXFileReference; lastKnownFileType = folder.assetcatalog; path = Assets.xcassets; sourceTree = "<group>"; };
		04BC729B2065176100A89C33 /* Base */ = {isa = PBXFileReference; lastKnownFileType = file.storyboard; name = Base; path = Base.lproj/LaunchScreen.storyboard; sourceTree = "<group>"; };
		04BC729D2065176100A89C33 /* Info.plist */ = {isa = PBXFileReference; lastKnownFileType = text.plist.xml; path = Info.plist; sourceTree = "<group>"; };
/* End PBXFileReference section */

/* Begin PBXFrameworksBuildPhase section */
		04BC72882065176100A89C33 /* Frameworks */ = {
			isa = PBXFrameworksBuildPhase;
			buildActionMask = 2147483647;
			files = (
			);
			runOnlyForDeploymentPostprocessing = 0;
		};
/* End PBXFrameworksBuildPhase section */

/* Begin PBXGroup section */
		04BC72822065176100A89C33 = {
			isa = PBXGroup;
			children = (
				04BC728D2065176100A89C33 /* iOSTestTasck */,
				04BC728C2065176100A89C33 /* Products */,
			);
			sourceTree = "<group>";
		};
		04BC728C2065176100A89C33 /* Products */ = {
			isa = PBXGroup;
			children = (
				04BC728B2065176100A89C33 /* iOSTestTasck.app */,
			);
			name = Products;
			sourceTree = "<group>";
		};
		04BC728D2065176100A89C33 /* iOSTestTasck */ = {
			isa = PBXGroup;
			children = (
				04BC728E2065176100A89C33 /* AppDelegate.swift */,
				04BC72902065176100A89C33 /* ViewController.swift */,
				04BC72922065176100A89C33 /* Main.storyboard */,
				04BC72982065176100A89C33 /* Assets.xcassets */,
				04BC729A2065176100A89C33 /* LaunchScreen.storyboard */,
				04BC729D2065176100A89C33 /* Info.plist */,
				04BC72952065176100A89C33 /* iOSTestTasck.xcdatamodeld */,
			);
			path = iOSTestTasck;
			sourceTree = "<group>";
		};
/* End PBXGroup section */

/* Begin PBXNativeTarget section */
		04BC728A2065176100A89C33 /* iOSTestTasck */ = {
			isa = PBXNativeTarget;
			buildConfigurationList = 04BC72A02065176100A89C33 /* Build configuration list for PBXNativeTarget "iOSTestTasck" */;
			buildPhases = (
				04BC72872065176100A89C33 /* Sources */,
				04BC72882065176100A89C33 /* Frameworks */,
				04BC72892065176100A89C33 /* Resources */,
			);
			buildRules = (
			);
			dependencies = (
			);
			name = iOSTestTasck;
			productName = iOSTestTasck;
			productReference = 04BC728B2065176100A89C33 /* iOSTestTasck.app */;
			productType = "com.apple.product-type.application";
		};
/* End PBXNativeTarget section */

/* Begin PBXProject section */
		04BC72832065176100A89C33 /* Project object */ = {
			isa = PBXProject;
			attributes = {
				LastSwiftUpdateCheck = 0910;
				LastUpgradeCheck = 0910;
				ORGANIZATIONNAME = Mac;
				TargetAttributes = {
					04BC728A2065176100A89C33 = {
						CreatedOnToolsVersion = 9.1;
						ProvisioningStyle = Automatic;
					};
				};
			};
			buildConfigurationList = 04BC72862065176100A89C33 /* Build configuration list for PBXProject "iOSTestTasck" */;
			compatibilityVersion = "Xcode 8.0";
			developmentRegion = en;
			hasScannedForEncodings = 0;
			knownRegions = (
				en,
				Base,
			);
			mainGroup = 04BC72822065176100A89C33;
			productRefGroup = 04BC728C2065176100A89C33 /* Products */;
			projectDirPath = "";
			projectRoot = "";
			targets = (
				04BC728A2065176100A89C33 /* iOSTestTasck */,
			);
		};
/* End PBXProject section */

/* Begin PBXResourcesBuildPhase section */
		04BC72892065176100A89C33 /* Resources */ = {
			isa = PBXResourcesBuildPhase;
			buildActionMask = 2147483647;
			files = (
				04BC729C2065176100A89C33 /* LaunchScreen.storyboard in Resources */,
				04BC72992065176100A89C33 /* Assets.xcassets in Resources */,
				04BC72942065176100A89C33 /* Main.storyboard in Resources */,
			);
			runOnlyForDeploymentPostprocessing = 0;
		};
/* End PBXResourcesBuildPhase section */

/* Begin PBXSourcesBuildPhase section */
		04BC72872065176100A89C33 /* Sources */ = {
			isa = PBXSourcesBuildPhase;
			buildActionMask = 2147483647;
			files = (
				04BC72972065176100A89C33 /* iOSTestTasck.xcdatamodeld in Sources */,
				04BC72912065176100A89C33 /* ViewController.swift in Sources */,
				04BC728F2065176100A89C33 /* AppDelegate.swift in Sources */,
			);
			runOnlyForDeploymentPostprocessing = 0;
		};
/* End PBXSourcesBuildPhase section */

/* Begin PBXVariantGroup section */
		04BC72922065176100A89C33 /* Main.storyboard */ = {
			isa = PBXVariantGroup;
			children = (
				04BC72932065176100A89C33 /* Base */,
			);
			name = Main.storyboard;
			sourceTree = "<group>";
		};
		04BC729A2065176100A89C33 /* LaunchScreen.storyboard */ = {
			isa = PBXVariantGroup;
			children = (
				04BC729B2065176100A89C33 /* Base */,
			);
			name = LaunchScreen.storyboard;
			sourceTree = "<group>";
		};
/* End PBXVariantGroup section */

/* Begin XCBuildConfiguration section */
		04BC729E2065176100A89C33 /* Debug */ = {
			isa = XCBuildConfiguration;
			buildSettings = {
				ALWAYS_SEARCH_USER_PATHS = NO;
				CLANG_ANALYZER_NONNULL = YES;
				CLANG_ANALYZER_NUMBER_OBJECT_CONVERSION = YES_AGGRESSIVE;
				CLANG_CXX_LANGUAGE_STANDARD = "gnu++14";
				CLANG_CXX_LIBRARY = "libc++";
				CLANG_ENABLE_MODULES = YES;
				CLANG_ENABLE_OBJC_ARC = YES;
				CLANG_WARN_BLOCK_CAPTURE_AUTORELEASING = YES;
				CLANG_WARN_BOOL_CONVERSION = YES;
				CLANG_WARN_COMMA = YES;
				CLANG_WARN_CONSTANT_CONVERSION = YES;
				CLANG_WARN_DIRECT_OBJC_ISA_USAGE = YES_ERROR;
				CLANG_WARN_DOCUMENTATION_COMMENTS = YES;
				CLANG_WARN_EMPTY_BODY = YES;
				CLANG_WARN_ENUM_CONVERSION = YES;
				CLANG_WARN_INFINITE_RECURSION = YES;
				CLANG_WARN_INT_CONVERSION = YES;
				CLANG_WARN_NON_LITERAL_NULL_CONVERSION = YES;
				CLANG_WARN_OBJC_LITERAL_CONVERSION = YES;
				CLANG_WARN_OBJC_ROOT_CLASS = YES_ERROR;
				CLANG_WARN_RANGE_LOOP_ANALYSIS = YES;
				CLANG_WARN_STRICT_PROTOTYPES = YES;
				CLANG_WARN_SUSPICIOUS_MOVE = YES;
				CLANG_WARN_UNGUARDED_AVAILABILITY = YES_AGGRESSIVE;
				CLANG_WARN_UNREACHABLE_CODE = YES;
				CLANG_WARN__DUPLICATE_METHOD_MATCH = YES;
				CODE_SIGN_IDENTITY = "iPhone Developer";
				COPY_PHASE_STRIP = NO;
				DEBUG_INFORMATION_FORMAT = dwarf;
				ENABLE_STRICT_OBJC_MSGSEND = YES;
				ENABLE_TESTABILITY = YES;
				GCC_C_LANGUAGE_STANDARD = gnu11;
				GCC_DYNAMIC_NO_PIC = NO;
				GCC_NO_COMMON_BLOCKS = YES;
				GCC_OPTIMIZATION_LEVEL = 0;
				GCC_PREPROCESSOR_DEFINITIONS = (
					"DEBUG=1",
					"$(inherited)",
				);
				GCC_WARN_64_TO_32_BIT_CONVERSION = YES;
				GCC_WARN_ABOUT_RETURN_TYPE = YES_ERROR;
				GCC_WARN_UNDECLARED_SELECTOR = YES;
				GCC_WARN_UNINITIALIZED_AUTOS = YES_AGGRESSIVE;
				GCC_WARN_UNUSED_FUNCTION = YES;
				GCC_WARN_UNUSED_VARIABLE = YES;
				IPHONEOS_DEPLOYMENT_TARGET = 11.1;
				MTL_ENABLE_DEBUG_INFO = YES;
				ONLY_ACTIVE_ARCH = YES;
				SDKROOT = iphoneos;
				SWIFT_ACTIVE_COMPILATION_CONDITIONS = DEBUG;
				SWIFT_OPTIMIZATION_LEVEL = "-Onone";
			};
			name = Debug;
		};
		04BC729F2065176100A89C33 /* Release */ = {
			isa = XCBuildConfiguration;
			buildSettings = {
				ALWAYS_SEARCH_USER_PATHS = NO;
				CLANG_ANALYZER_NONNULL = YES;
				CLANG_ANALYZER_NUMBER_OBJECT_CONVERSION = YES_AGGRESSIVE;
				CLANG_CXX_LANGUAGE_STANDARD = "gnu++14";
				CLANG_CXX_LIBRARY = "libc++";
				CLANG_ENABLE_MODULES = YES;
				CLANG_ENABLE_OBJC_ARC = YES;
				CLANG_WARN_BLOCK_CAPTURE_AUTORELEASING = YES;
				CLANG_WARN_BOOL_CONVERSION = YES;
				CLANG_WARN_COMMA = YES;
				CLANG_WARN_CONSTANT_CONVERSION = YES;
				CLANG_WARN_DIRECT_OBJC_ISA_USAGE = YES_ERROR;
				CLANG_WARN_DOCUMENTATION_COMMENTS = YES;
				CLANG_WARN_EMPTY_BODY = YES;
				CLANG_WARN_ENUM_CONVERSION = YES;
				CLANG_WARN_INFINITE_RECURSION = YES;
				CLANG_WARN_INT_CONVERSION = YES;
				CLANG_WARN_NON_LITERAL_NULL_CONVERSION = YES;
				CLANG_WARN_OBJC_LITERAL_CONVERSION = YES;
				CLANG_WARN_OBJC_ROOT_CLASS = YES_ERROR;
				CLANG_WARN_RANGE_LOOP_ANALYSIS = YES;
				CLANG_WARN_STRICT_PROTOTYPES = YES;
				CLANG_WARN_SUSPICIOUS_MOVE = YES;
				CLANG_WARN_UNGUARDED_AVAILABILITY = YES_AGGRESSIVE;
				CLANG_WARN_UNREACHABLE_CODE = YES;
				CLANG_WARN__DUPLICATE_METHOD_MATCH = YES;
				CODE_SIGN_IDENTITY = "iPhone Developer";
				COPY_PHASE_STRIP = NO;
				DEBUG_INFORMATION_FORMAT = "dwarf-with-dsym";
				ENABLE_NS_ASSERTIONS = NO;
				ENABLE_STRICT_OBJC_MSGSEND = YES;
				GCC_C_LANGUAGE_STANDARD = gnu11;
				GCC_NO_COMMON_BLOCKS = YES;
				GCC_WARN_64_TO_32_BIT_CONVERSION = YES;
				GCC_WARN_ABOUT_RETURN_TYPE = YES_ERROR;
				GCC_WARN_UNDECLARED_SELECTOR = YES;
				GCC_WARN_UNINITIALIZED_AUTOS = YES_AGGRESSIVE;
				GCC_WARN_UNUSED_FUNCTION = YES;
				GCC_WARN_UNUSED_VARIABLE = YES;
				IPHONEOS_DEPLOYMENT_TARGET = 11.1;
				MTL_ENABLE_DEBUG_INFO = NO;
				SDKROOT = iphoneos;
				SWIFT_OPTIMIZATION_LEVEL = "-Owholemodule";
				VALIDATE_PRODUCT = YES;
			};
			name = Release;
		};
		04BC72A12065176100A89C33 /* Debug */ = {
			isa = XCBuildConfiguration;
			buildSettings = {
				ASSETCATALOG_COMPILER_APPICON_NAME = AppIcon;
				CODE_SIGN_STYLE = Automatic;
				INFOPLIST_FILE = iOSTestTasck/Info.plist;
				LD_RUNPATH_SEARCH_PATHS = "$(inherited) @executable_path/Frameworks";
				PRODUCT_BUNDLE_IDENTIFIER = com.greenmoby.iOSTestTasck;
				PRODUCT_NAME = "$(TARGET_NAME)";
				SWIFT_VERSION = 4.0;
				TARGETED_DEVICE_FAMILY = "1,2";
			};
			name = Debug;
		};
		04BC72A22065176100A89C33 /* Release */ = {
			isa = XCBuildConfiguration;
			buildSettings = {
				ASSETCATALOG_COMPILER_APPICON_NAME = AppIcon;
				CODE_SIGN_STYLE = Automatic;
				INFOPLIST_FILE = iOSTestTasck/Info.plist;
				LD_RUNPATH_SEARCH_PATHS = "$(inherited) @executable_path/Frameworks";
				PRODUCT_BUNDLE_IDENTIFIER = com.greenmoby.iOSTestTasck;
				PRODUCT_NAME = "$(TARGET_NAME)";
				SWIFT_VERSION = 4.0;
				TARGETED_DEVICE_FAMILY = "1,2";
			};
			name = Release;
		};
/* End XCBuildConfiguration section */

/* Begin XCConfigurationList section */
		04BC72862065176100A89C33 /* Build configuration list for PBXProject "iOSTestTasck" */ = {
			isa = XCConfigurationList;
			buildConfigurations = (
				04BC729E2065176100A89C33 /* Debug */,
				04BC729F2065176100A89C33 /* Release */,
			);
			defaultConfigurationIsVisible = 0;
			defaultConfigurationName = Release;
		};
		04BC72A02065176100A89C33 /* Build configuration list for PBXNativeTarget "iOSTestTasck" */ = {
			isa = XCConfigurationList;
			buildConfigurations = (
				04BC72A12065176100A89C33 /* Debug */,
				04BC72A22065176100A89C33 /* Release */,
			);
			defaultConfigurationIsVisible = 0;
			defaultConfigurationName = Release;
		};
/* End XCConfigurationList section */

/* Begin XCVersionGroup section */
		04BC72952065176100A89C33 /* iOSTestTasck.xcdatamodeld */ = {
			isa = XCVersionGroup;
			children = (
				04BC72962065176100A89C33 /* iOSTestTasck.xcdatamodel */,
			);
			currentVersion = 04BC72962065176100A89C33 /* iOSTestTasck.xcdatamodel */;
			path = iOSTestTasck.xcdatamodeld;
			sourceTree = "<group>";
			versionGroupType = wrapper.xcdatamodel;
		};
/* End XCVersionGroup section */
	};
	rootObject = 04BC72832065176100A89C33 /* Project object */;
}
